
Microsoft Visual Studio Solution File, Format Version 12.00
Project("{9A19103F-16F7-4668-BE54-9A1E7A4F7556}") = "_build", "build\_build.csproj", "{F07CFDA7-4ED8-459C-B6F7-78076E194713}"
EndProject
Global
	GlobalSection(SolutionConfigurationPlatforms) = preSolution
		Debug|Any CPU = Debug|Any CPU
		Release|Any CPU = Release|Any CPU
	EndGlobalSection
	GlobalSection(ProjectConfigurationPlatforms) = postSolution
		{F07CFDA7-4ED8-459C-B6F7-78076E194713}.Debug|Any CPU.ActiveCfg = Debug|Any CPU
		{F07CFDA7-4ED8-459C-B6F7-78076E194713}.Release|Any CPU.ActiveCfg = Release|Any CPU
	EndGlobalSection
EndGlobal
